
Microsoft Visual Studio Solution File, Format Version 12.00
# Visual Studio 15
VisualStudioVersion = 15.0.27130.2036
MinimumVisualStudioVersion = 10.0.40219.1
Project("{2150E333-8FDC-42A3-9474-1A3956D46DE8}") = "Solution Items", "Solution Items", "{C45D2F6E-43B3-4EDD-ACA9-C40AB9177AC8}"
	ProjectSection(SolutionItems) = preProject
		..\Directory.build.props = ..\Directory.build.props
		..\Directory.build.targets = ..\Directory.build.targets
	EndProjectSection
EndProject
Project("{9A19103F-16F7-4668-BE54-9A1E7A4F7556}") = "Plugin.Nfc", "Plugin.Nfc\Plugin.Nfc.csproj", "{7E28D38A-C84D-44EF-85C1-B75E9BF44C3E}"
EndProject
Project("{2150E333-8FDC-42A3-9474-1A3956D46DE8}") = "Sample", "Sample", "{FBF3079C-BE8E-4C84-9160-F899B5F5AB33}"
EndProject
Project("{FAE04EC0-301F-11D3-BF4B-00C04F79EFBC}") = "Nfc.SampleApp.Android", "sample\Nfc.SampleApp\Nfc.SampleApp.Android\Nfc.SampleApp.Android.csproj", "{0E3F5DAE-084C-4C40-B9E0-A4CD161CC195}"
EndProject
Project("{FAE04EC0-301F-11D3-BF4B-00C04F79EFBC}") = "Nfc.SampleApp.iOS", "sample\Nfc.SampleApp\Nfc.SampleApp.iOS\Nfc.SampleApp.iOS.csproj", "{E3E2A7ED-CE26-4211-A3CE-A3E265471CCB}"
EndProject
Project("{FAE04EC0-301F-11D3-BF4B-00C04F79EFBC}") = "Nfc.SampleApp", "sample\Nfc.SampleApp\Nfc.SampleApp\Nfc.SampleApp.csproj", "{6A4D5352-4CCC-4B76-97A2-9CE9707DF73D}"
EndProject
Global
	GlobalSection(SolutionConfigurationPlatforms) = preSolution
		Ad-Hoc|Any CPU = Ad-Hoc|Any CPU
		Ad-Hoc|ARM = Ad-Hoc|ARM
		Ad-Hoc|iPhone = Ad-Hoc|iPhone
		Ad-Hoc|iPhoneSimulator = Ad-Hoc|iPhoneSimulator
		Ad-Hoc|x64 = Ad-Hoc|x64
		Ad-Hoc|x86 = Ad-Hoc|x86
		AppStore|Any CPU = AppStore|Any CPU
		AppStore|ARM = AppStore|ARM
		AppStore|iPhone = AppStore|iPhone
		AppStore|iPhoneSimulator = AppStore|iPhoneSimulator
		AppStore|x64 = AppStore|x64
		AppStore|x86 = AppStore|x86
		Debug|Any CPU = Debug|Any CPU
		Debug|ARM = Debug|ARM
		Debug|iPhone = Debug|iPhone
		Debug|iPhoneSimulator = Debug|iPhoneSimulator
		Debug|x64 = Debug|x64
		Debug|x86 = Debug|x86
		Release|Any CPU = Release|Any CPU
		Release|ARM = Release|ARM
		Release|iPhone = Release|iPhone
		Release|iPhoneSimulator = Release|iPhoneSimulator
		Release|x64 = Release|x64
		Release|x86 = Release|x86
	EndGlobalSection
	GlobalSection(ProjectConfigurationPlatforms) = postSolution
		{7E28D38A-C84D-44EF-85C1-B75E9BF44C3E}.Ad-Hoc|Any CPU.ActiveCfg = Release|Any CPU
		{7E28D38A-C84D-44EF-85C1-B75E9BF44C3E}.Ad-Hoc|Any CPU.Build.0 = Release|Any CPU
		{7E28D38A-C84D-44EF-85C1-B75E9BF44C3E}.Ad-Hoc|ARM.ActiveCfg = Release|Any CPU
		{7E28D38A-C84D-44EF-85C1-B75E9BF44C3E}.Ad-Hoc|ARM.Build.0 = Release|Any CPU
		{7E28D38A-C84D-44EF-85C1-B75E9BF44C3E}.Ad-Hoc|iPhone.ActiveCfg = Release|Any CPU
		{7E28D38A-C84D-44EF-85C1-B75E9BF44C3E}.Ad-Hoc|iPhone.Build.0 = Release|Any CPU
		{7E28D38A-C84D-44EF-85C1-B75E9BF44C3E}.Ad-Hoc|iPhoneSimulator.ActiveCfg = Release|Any CPU
		{7E28D38A-C84D-44EF-85C1-B75E9BF44C3E}.Ad-Hoc|iPhoneSimulator.Build.0 = Release|Any CPU
		{7E28D38A-C84D-44EF-85C1-B75E9BF44C3E}.Ad-Hoc|x64.ActiveCfg = Release|Any CPU
		{7E28D38A-C84D-44EF-85C1-B75E9BF44C3E}.Ad-Hoc|x64.Build.0 = Release|Any CPU
		{7E28D38A-C84D-44EF-85C1-B75E9BF44C3E}.Ad-Hoc|x86.ActiveCfg = Release|Any CPU
		{7E28D38A-C84D-44EF-85C1-B75E9BF44C3E}.Ad-Hoc|x86.Build.0 = Release|Any CPU
		{7E28D38A-C84D-44EF-85C1-B75E9BF44C3E}.AppStore|Any CPU.ActiveCfg = Release|Any CPU
		{7E28D38A-C84D-44EF-85C1-B75E9BF44C3E}.AppStore|Any CPU.Build.0 = Release|Any CPU
		{7E28D38A-C84D-44EF-85C1-B75E9BF44C3E}.AppStore|ARM.ActiveCfg = Release|Any CPU
		{7E28D38A-C84D-44EF-85C1-B75E9BF44C3E}.AppStore|ARM.Build.0 = Release|Any CPU
		{7E28D38A-C84D-44EF-85C1-B75E9BF44C3E}.AppStore|iPhone.ActiveCfg = Release|Any CPU
		{7E28D38A-C84D-44EF-85C1-B75E9BF44C3E}.AppStore|iPhone.Build.0 = Release|Any CPU
		{7E28D38A-C84D-44EF-85C1-B75E9BF44C3E}.AppStore|iPhoneSimulator.ActiveCfg = Release|Any CPU
		{7E28D38A-C84D-44EF-85C1-B75E9BF44C3E}.AppStore|iPhoneSimulator.Build.0 = Release|Any CPU
		{7E28D38A-C84D-44EF-85C1-B75E9BF44C3E}.AppStore|x64.ActiveCfg = Release|Any CPU
		{7E28D38A-C84D-44EF-85C1-B75E9BF44C3E}.AppStore|x64.Build.0 = Release|Any CPU
		{7E28D38A-C84D-44EF-85C1-B75E9BF44C3E}.AppStore|x86.ActiveCfg = Release|Any CPU
		{7E28D38A-C84D-44EF-85C1-B75E9BF44C3E}.AppStore|x86.Build.0 = Release|Any CPU
		{7E28D38A-C84D-44EF-85C1-B75E9BF44C3E}.Debug|Any CPU.ActiveCfg = Debug|Any CPU
		{7E28D38A-C84D-44EF-85C1-B75E9BF44C3E}.Debug|Any CPU.Build.0 = Debug|Any CPU
		{7E28D38A-C84D-44EF-85C1-B75E9BF44C3E}.Debug|ARM.ActiveCfg = Debug|Any CPU
		{7E28D38A-C84D-44EF-85C1-B75E9BF44C3E}.Debug|ARM.Build.0 = Debug|Any CPU
		{7E28D38A-C84D-44EF-85C1-B75E9BF44C3E}.Debug|iPhone.ActiveCfg = Debug|Any CPU
		{7E28D38A-C84D-44EF-85C1-B75E9BF44C3E}.Debug|iPhone.Build.0 = Debug|Any CPU
		{7E28D38A-C84D-44EF-85C1-B75E9BF44C3E}.Debug|iPhoneSimulator.ActiveCfg = Debug|Any CPU
		{7E28D38A-C84D-44EF-85C1-B75E9BF44C3E}.Debug|iPhoneSimulator.Build.0 = Debug|Any CPU
		{7E28D38A-C84D-44EF-85C1-B75E9BF44C3E}.Debug|x64.ActiveCfg = Debug|Any CPU
		{7E28D38A-C84D-44EF-85C1-B75E9BF44C3E}.Debug|x64.Build.0 = Debug|Any CPU
		{7E28D38A-C84D-44EF-85C1-B75E9BF44C3E}.Debug|x86.ActiveCfg = Debug|Any CPU
		{7E28D38A-C84D-44EF-85C1-B75E9BF44C3E}.Debug|x86.Build.0 = Debug|Any CPU
		{7E28D38A-C84D-44EF-85C1-B75E9BF44C3E}.Release|Any CPU.ActiveCfg = Release|Any CPU
		{7E28D38A-C84D-44EF-85C1-B75E9BF44C3E}.Release|Any CPU.Build.0 = Release|Any CPU
		{7E28D38A-C84D-44EF-85C1-B75E9BF44C3E}.Release|ARM.ActiveCfg = Release|Any CPU
		{7E28D38A-C84D-44EF-85C1-B75E9BF44C3E}.Release|ARM.Build.0 = Release|Any CPU
		{7E28D38A-C84D-44EF-85C1-B75E9BF44C3E}.Release|iPhone.ActiveCfg = Release|Any CPU
		{7E28D38A-C84D-44EF-85C1-B75E9BF44C3E}.Release|iPhone.Build.0 = Release|Any CPU
		{7E28D38A-C84D-44EF-85C1-B75E9BF44C3E}.Release|iPhoneSimulator.ActiveCfg = Release|Any CPU
		{7E28D38A-C84D-44EF-85C1-B75E9BF44C3E}.Release|iPhoneSimulator.Build.0 = Release|Any CPU
		{7E28D38A-C84D-44EF-85C1-B75E9BF44C3E}.Release|x64.ActiveCfg = Release|Any CPU
		{7E28D38A-C84D-44EF-85C1-B75E9BF44C3E}.Release|x64.Build.0 = Release|Any CPU
		{7E28D38A-C84D-44EF-85C1-B75E9BF44C3E}.Release|x86.ActiveCfg = Release|Any CPU
		{7E28D38A-C84D-44EF-85C1-B75E9BF44C3E}.Release|x86.Build.0 = Release|Any CPU
		{0E3F5DAE-084C-4C40-B9E0-A4CD161CC195}.Ad-Hoc|Any CPU.ActiveCfg = Release|Any CPU
		{0E3F5DAE-084C-4C40-B9E0-A4CD161CC195}.Ad-Hoc|Any CPU.Build.0 = Release|Any CPU
		{0E3F5DAE-084C-4C40-B9E0-A4CD161CC195}.Ad-Hoc|Any CPU.Deploy.0 = Release|Any CPU
		{0E3F5DAE-084C-4C40-B9E0-A4CD161CC195}.Ad-Hoc|ARM.ActiveCfg = Release|Any CPU
		{0E3F5DAE-084C-4C40-B9E0-A4CD161CC195}.Ad-Hoc|ARM.Build.0 = Release|Any CPU
		{0E3F5DAE-084C-4C40-B9E0-A4CD161CC195}.Ad-Hoc|ARM.Deploy.0 = Release|Any CPU
		{0E3F5DAE-084C-4C40-B9E0-A4CD161CC195}.Ad-Hoc|iPhone.ActiveCfg = Release|Any CPU
		{0E3F5DAE-084C-4C40-B9E0-A4CD161CC195}.Ad-Hoc|iPhone.Build.0 = Release|Any CPU
		{0E3F5DAE-084C-4C40-B9E0-A4CD161CC195}.Ad-Hoc|iPhone.Deploy.0 = Release|Any CPU
		{0E3F5DAE-084C-4C40-B9E0-A4CD161CC195}.Ad-Hoc|iPhoneSimulator.ActiveCfg = Release|Any CPU
		{0E3F5DAE-084C-4C40-B9E0-A4CD161CC195}.Ad-Hoc|iPhoneSimulator.Build.0 = Release|Any CPU
		{0E3F5DAE-084C-4C40-B9E0-A4CD161CC195}.Ad-Hoc|iPhoneSimulator.Deploy.0 = Release|Any CPU
		{0E3F5DAE-084C-4C40-B9E0-A4CD161CC195}.Ad-Hoc|x64.ActiveCfg = Release|Any CPU
		{0E3F5DAE-084C-4C40-B9E0-A4CD161CC195}.Ad-Hoc|x64.Build.0 = Release|Any CPU
		{0E3F5DAE-084C-4C40-B9E0-A4CD161CC195}.Ad-Hoc|x64.Deploy.0 = Release|Any CPU
		{0E3F5DAE-084C-4C40-B9E0-A4CD161CC195}.Ad-Hoc|x86.ActiveCfg = Release|Any CPU
		{0E3F5DAE-084C-4C40-B9E0-A4CD161CC195}.Ad-Hoc|x86.Build.0 = Release|Any CPU
		{0E3F5DAE-084C-4C40-B9E0-A4CD161CC195}.Ad-Hoc|x86.Deploy.0 = Release|Any CPU
		{0E3F5DAE-084C-4C40-B9E0-A4CD161CC195}.AppStore|Any CPU.ActiveCfg = Release|Any CPU
		{0E3F5DAE-084C-4C40-B9E0-A4CD161CC195}.AppStore|Any CPU.Build.0 = Release|Any CPU
		{0E3F5DAE-084C-4C40-B9E0-A4CD161CC195}.AppStore|Any CPU.Deploy.0 = Release|Any CPU
		{0E3F5DAE-084C-4C40-B9E0-A4CD161CC195}.AppStore|ARM.ActiveCfg = Release|Any CPU
		{0E3F5DAE-084C-4C40-B9E0-A4CD161CC195}.AppStore|ARM.Build.0 = Release|Any CPU
		{0E3F5DAE-084C-4C40-B9E0-A4CD161CC195}.AppStore|ARM.Deploy.0 = Release|Any CPU
		{0E3F5DAE-084C-4C40-B9E0-A4CD161CC195}.AppStore|iPhone.ActiveCfg = Release|Any CPU
		{0E3F5DAE-084C-4C40-B9E0-A4CD161CC195}.AppStore|iPhone.Build.0 = Release|Any CPU
		{0E3F5DAE-084C-4C40-B9E0-A4CD161CC195}.AppStore|iPhone.Deploy.0 = Release|Any CPU
		{0E3F5DAE-084C-4C40-B9E0-A4CD161CC195}.AppStore|iPhoneSimulator.ActiveCfg = Release|Any CPU
		{0E3F5DAE-084C-4C40-B9E0-A4CD161CC195}.AppStore|iPhoneSimulator.Build.0 = Release|Any CPU
		{0E3F5DAE-084C-4C40-B9E0-A4CD161CC195}.AppStore|iPhoneSimulator.Deploy.0 = Release|Any CPU
		{0E3F5DAE-084C-4C40-B9E0-A4CD161CC195}.AppStore|x64.ActiveCfg = Release|Any CPU
		{0E3F5DAE-084C-4C40-B9E0-A4CD161CC195}.AppStore|x64.Build.0 = Release|Any CPU
		{0E3F5DAE-084C-4C40-B9E0-A4CD161CC195}.AppStore|x64.Deploy.0 = Release|Any CPU
		{0E3F5DAE-084C-4C40-B9E0-A4CD161CC195}.AppStore|x86.ActiveCfg = Release|Any CPU
		{0E3F5DAE-084C-4C40-B9E0-A4CD161CC195}.AppStore|x86.Build.0 = Release|Any CPU
		{0E3F5DAE-084C-4C40-B9E0-A4CD161CC195}.AppStore|x86.Deploy.0 = Release|Any CPU
		{0E3F5DAE-084C-4C40-B9E0-A4CD161CC195}.Debug|Any CPU.ActiveCfg = Debug|Any CPU
		{0E3F5DAE-084C-4C40-B9E0-A4CD161CC195}.Debug|Any CPU.Build.0 = Debug|Any CPU
		{0E3F5DAE-084C-4C40-B9E0-A4CD161CC195}.Debug|Any CPU.Deploy.0 = Debug|Any CPU
		{0E3F5DAE-084C-4C40-B9E0-A4CD161CC195}.Debug|ARM.ActiveCfg = Debug|Any CPU
		{0E3F5DAE-084C-4C40-B9E0-A4CD161CC195}.Debug|ARM.Build.0 = Debug|Any CPU
		{0E3F5DAE-084C-4C40-B9E0-A4CD161CC195}.Debug|ARM.Deploy.0 = Debug|Any CPU
		{0E3F5DAE-084C-4C40-B9E0-A4CD161CC195}.Debug|iPhone.ActiveCfg = Debug|Any CPU
		{0E3F5DAE-084C-4C40-B9E0-A4CD161CC195}.Debug|iPhone.Build.0 = Debug|Any CPU
		{0E3F5DAE-084C-4C40-B9E0-A4CD161CC195}.Debug|iPhone.Deploy.0 = Debug|Any CPU
		{0E3F5DAE-084C-4C40-B9E0-A4CD161CC195}.Debug|iPhoneSimulator.ActiveCfg = Debug|Any CPU
		{0E3F5DAE-084C-4C40-B9E0-A4CD161CC195}.Debug|iPhoneSimulator.Build.0 = Debug|Any CPU
		{0E3F5DAE-084C-4C40-B9E0-A4CD161CC195}.Debug|iPhoneSimulator.Deploy.0 = Debug|Any CPU
		{0E3F5DAE-084C-4C40-B9E0-A4CD161CC195}.Debug|x64.ActiveCfg = Debug|Any CPU
		{0E3F5DAE-084C-4C40-B9E0-A4CD161CC195}.Debug|x64.Build.0 = Debug|Any CPU
		{0E3F5DAE-084C-4C40-B9E0-A4CD161CC195}.Debug|x64.Deploy.0 = Debug|Any CPU
		{0E3F5DAE-084C-4C40-B9E0-A4CD161CC195}.Debug|x86.ActiveCfg = Debug|Any CPU
		{0E3F5DAE-084C-4C40-B9E0-A4CD161CC195}.Debug|x86.Build.0 = Debug|Any CPU
		{0E3F5DAE-084C-4C40-B9E0-A4CD161CC195}.Debug|x86.Deploy.0 = Debug|Any CPU
		{0E3F5DAE-084C-4C40-B9E0-A4CD161CC195}.Release|Any CPU.ActiveCfg = Release|Any CPU
		{0E3F5DAE-084C-4C40-B9E0-A4CD161CC195}.Release|Any CPU.Build.0 = Release|Any CPU
		{0E3F5DAE-084C-4C40-B9E0-A4CD161CC195}.Release|Any CPU.Deploy.0 = Release|Any CPU
		{0E3F5DAE-084C-4C40-B9E0-A4CD161CC195}.Release|ARM.ActiveCfg = Release|Any CPU
		{0E3F5DAE-084C-4C40-B9E0-A4CD161CC195}.Release|ARM.Build.0 = Release|Any CPU
		{0E3F5DAE-084C-4C40-B9E0-A4CD161CC195}.Release|ARM.Deploy.0 = Release|Any CPU
		{0E3F5DAE-084C-4C40-B9E0-A4CD161CC195}.Release|iPhone.ActiveCfg = Release|Any CPU
		{0E3F5DAE-084C-4C40-B9E0-A4CD161CC195}.Release|iPhone.Build.0 = Release|Any CPU
		{0E3F5DAE-084C-4C40-B9E0-A4CD161CC195}.Release|iPhone.Deploy.0 = Release|Any CPU
		{0E3F5DAE-084C-4C40-B9E0-A4CD161CC195}.Release|iPhoneSimulator.ActiveCfg = Release|Any CPU
		{0E3F5DAE-084C-4C40-B9E0-A4CD161CC195}.Release|iPhoneSimulator.Build.0 = Release|Any CPU
		{0E3F5DAE-084C-4C40-B9E0-A4CD161CC195}.Release|iPhoneSimulator.Deploy.0 = Release|Any CPU
		{0E3F5DAE-084C-4C40-B9E0-A4CD161CC195}.Release|x64.ActiveCfg = Release|Any CPU
		{0E3F5DAE-084C-4C40-B9E0-A4CD161CC195}.Release|x64.Build.0 = Release|Any CPU
		{0E3F5DAE-084C-4C40-B9E0-A4CD161CC195}.Release|x64.Deploy.0 = Release|Any CPU
		{0E3F5DAE-084C-4C40-B9E0-A4CD161CC195}.Release|x86.ActiveCfg = Release|Any CPU
		{0E3F5DAE-084C-4C40-B9E0-A4CD161CC195}.Release|x86.Build.0 = Release|Any CPU
		{0E3F5DAE-084C-4C40-B9E0-A4CD161CC195}.Release|x86.Deploy.0 = Release|Any CPU
		{E3E2A7ED-CE26-4211-A3CE-A3E265471CCB}.Ad-Hoc|Any CPU.ActiveCfg = Ad-Hoc|iPhone
		{E3E2A7ED-CE26-4211-A3CE-A3E265471CCB}.Ad-Hoc|ARM.ActiveCfg = Ad-Hoc|iPhone
		{E3E2A7ED-CE26-4211-A3CE-A3E265471CCB}.Ad-Hoc|iPhone.ActiveCfg = Ad-Hoc|iPhone
		{E3E2A7ED-CE26-4211-A3CE-A3E265471CCB}.Ad-Hoc|iPhone.Build.0 = Ad-Hoc|iPhone
		{E3E2A7ED-CE26-4211-A3CE-A3E265471CCB}.Ad-Hoc|iPhoneSimulator.ActiveCfg = Ad-Hoc|iPhoneSimulator
		{E3E2A7ED-CE26-4211-A3CE-A3E265471CCB}.Ad-Hoc|iPhoneSimulator.Build.0 = Ad-Hoc|iPhoneSimulator
		{E3E2A7ED-CE26-4211-A3CE-A3E265471CCB}.Ad-Hoc|x64.ActiveCfg = Ad-Hoc|iPhone
		{E3E2A7ED-CE26-4211-A3CE-A3E265471CCB}.Ad-Hoc|x86.ActiveCfg = Ad-Hoc|iPhone
		{E3E2A7ED-CE26-4211-A3CE-A3E265471CCB}.AppStore|Any CPU.ActiveCfg = AppStore|iPhone
		{E3E2A7ED-CE26-4211-A3CE-A3E265471CCB}.AppStore|ARM.ActiveCfg = AppStore|iPhone
		{E3E2A7ED-CE26-4211-A3CE-A3E265471CCB}.AppStore|iPhone.ActiveCfg = AppStore|iPhone
		{E3E2A7ED-CE26-4211-A3CE-A3E265471CCB}.AppStore|iPhone.Build.0 = AppStore|iPhone
		{E3E2A7ED-CE26-4211-A3CE-A3E265471CCB}.AppStore|iPhoneSimulator.ActiveCfg = AppStore|iPhoneSimulator
		{E3E2A7ED-CE26-4211-A3CE-A3E265471CCB}.AppStore|iPhoneSimulator.Build.0 = AppStore|iPhoneSimulator
		{E3E2A7ED-CE26-4211-A3CE-A3E265471CCB}.AppStore|x64.ActiveCfg = AppStore|iPhone
		{E3E2A7ED-CE26-4211-A3CE-A3E265471CCB}.AppStore|x86.ActiveCfg = AppStore|iPhone
		{E3E2A7ED-CE26-4211-A3CE-A3E265471CCB}.Debug|Any CPU.ActiveCfg = Debug|iPhone
		{E3E2A7ED-CE26-4211-A3CE-A3E265471CCB}.Debug|ARM.ActiveCfg = Debug|iPhone
		{E3E2A7ED-CE26-4211-A3CE-A3E265471CCB}.Debug|iPhone.ActiveCfg = Debug|iPhone
		{E3E2A7ED-CE26-4211-A3CE-A3E265471CCB}.Debug|iPhone.Build.0 = Debug|iPhone
		{E3E2A7ED-CE26-4211-A3CE-A3E265471CCB}.Debug|iPhoneSimulator.ActiveCfg = Debug|iPhoneSimulator
		{E3E2A7ED-CE26-4211-A3CE-A3E265471CCB}.Debug|iPhoneSimulator.Build.0 = Debug|iPhoneSimulator
		{E3E2A7ED-CE26-4211-A3CE-A3E265471CCB}.Debug|x64.ActiveCfg = Debug|iPhone
		{E3E2A7ED-CE26-4211-A3CE-A3E265471CCB}.Debug|x86.ActiveCfg = Debug|iPhone
		{E3E2A7ED-CE26-4211-A3CE-A3E265471CCB}.Release|Any CPU.ActiveCfg = Release|iPhone
		{E3E2A7ED-CE26-4211-A3CE-A3E265471CCB}.Release|ARM.ActiveCfg = Release|iPhone
		{E3E2A7ED-CE26-4211-A3CE-A3E265471CCB}.Release|iPhone.ActiveCfg = Release|iPhone
		{E3E2A7ED-CE26-4211-A3CE-A3E265471CCB}.Release|iPhone.Build.0 = Release|iPhone
		{E3E2A7ED-CE26-4211-A3CE-A3E265471CCB}.Release|iPhoneSimulator.ActiveCfg = Release|iPhoneSimulator
		{E3E2A7ED-CE26-4211-A3CE-A3E265471CCB}.Release|iPhoneSimulator.Build.0 = Release|iPhoneSimulator
		{E3E2A7ED-CE26-4211-A3CE-A3E265471CCB}.Release|x64.ActiveCfg = Release|iPhone
		{E3E2A7ED-CE26-4211-A3CE-A3E265471CCB}.Release|x86.ActiveCfg = Release|iPhone
		{6A4D5352-4CCC-4B76-97A2-9CE9707DF73D}.Ad-Hoc|Any CPU.ActiveCfg = Debug|Any CPU
		{6A4D5352-4CCC-4B76-97A2-9CE9707DF73D}.Ad-Hoc|Any CPU.Build.0 = Debug|Any CPU
		{6A4D5352-4CCC-4B76-97A2-9CE9707DF73D}.Ad-Hoc|ARM.ActiveCfg = Debug|Any CPU
		{6A4D5352-4CCC-4B76-97A2-9CE9707DF73D}.Ad-Hoc|ARM.Build.0 = Debug|Any CPU
		{6A4D5352-4CCC-4B76-97A2-9CE9707DF73D}.Ad-Hoc|iPhone.ActiveCfg = Debug|Any CPU
		{6A4D5352-4CCC-4B76-97A2-9CE9707DF73D}.Ad-Hoc|iPhone.Build.0 = Debug|Any CPU
		{6A4D5352-4CCC-4B76-97A2-9CE9707DF73D}.Ad-Hoc|iPhoneSimulator.ActiveCfg = Debug|Any CPU
		{6A4D5352-4CCC-4B76-97A2-9CE9707DF73D}.Ad-Hoc|iPhoneSimulator.Build.0 = Debug|Any CPU
		{6A4D5352-4CCC-4B76-97A2-9CE9707DF73D}.Ad-Hoc|x64.ActiveCfg = Debug|Any CPU
		{6A4D5352-4CCC-4B76-97A2-9CE9707DF73D}.Ad-Hoc|x64.Build.0 = Debug|Any CPU
		{6A4D5352-4CCC-4B76-97A2-9CE9707DF73D}.Ad-Hoc|x86.ActiveCfg = Debug|Any CPU
		{6A4D5352-4CCC-4B76-97A2-9CE9707DF73D}.Ad-Hoc|x86.Build.0 = Debug|Any CPU
		{6A4D5352-4CCC-4B76-97A2-9CE9707DF73D}.AppStore|Any CPU.ActiveCfg = Debug|Any CPU
		{6A4D5352-4CCC-4B76-97A2-9CE9707DF73D}.AppStore|Any CPU.Build.0 = Debug|Any CPU
		{6A4D5352-4CCC-4B76-97A2-9CE9707DF73D}.AppStore|ARM.ActiveCfg = Debug|Any CPU
		{6A4D5352-4CCC-4B76-97A2-9CE9707DF73D}.AppStore|ARM.Build.0 = Debug|Any CPU
		{6A4D5352-4CCC-4B76-97A2-9CE9707DF73D}.AppStore|iPhone.ActiveCfg = Debug|Any CPU
		{6A4D5352-4CCC-4B76-97A2-9CE9707DF73D}.AppStore|iPhone.Build.0 = Debug|Any CPU
		{6A4D5352-4CCC-4B76-97A2-9CE9707DF73D}.AppStore|iPhoneSimulator.ActiveCfg = Debug|Any CPU
		{6A4D5352-4CCC-4B76-97A2-9CE9707DF73D}.AppStore|iPhoneSimulator.Build.0 = Debug|Any CPU
		{6A4D5352-4CCC-4B76-97A2-9CE9707DF73D}.AppStore|x64.ActiveCfg = Debug|Any CPU
		{6A4D5352-4CCC-4B76-97A2-9CE9707DF73D}.AppStore|x64.Build.0 = Debug|Any CPU
		{6A4D5352-4CCC-4B76-97A2-9CE9707DF73D}.AppStore|x86.ActiveCfg = Debug|Any CPU
		{6A4D5352-4CCC-4B76-97A2-9CE9707DF73D}.AppStore|x86.Build.0 = Debug|Any CPU
		{6A4D5352-4CCC-4B76-97A2-9CE9707DF73D}.Debug|Any CPU.ActiveCfg = Debug|Any CPU
		{6A4D5352-4CCC-4B76-97A2-9CE9707DF73D}.Debug|Any CPU.Build.0 = Debug|Any CPU
		{6A4D5352-4CCC-4B76-97A2-9CE9707DF73D}.Debug|ARM.ActiveCfg = Debug|Any CPU
		{6A4D5352-4CCC-4B76-97A2-9CE9707DF73D}.Debug|ARM.Build.0 = Debug|Any CPU
		{6A4D5352-4CCC-4B76-97A2-9CE9707DF73D}.Debug|iPhone.ActiveCfg = Debug|Any CPU
		{6A4D5352-4CCC-4B76-97A2-9CE9707DF73D}.Debug|iPhone.Build.0 = Debug|Any CPU
		{6A4D5352-4CCC-4B76-97A2-9CE9707DF73D}.Debug|iPhoneSimulator.ActiveCfg = Debug|Any CPU
		{6A4D5352-4CCC-4B76-97A2-9CE9707DF73D}.Debug|iPhoneSimulator.Build.0 = Debug|Any CPU
		{6A4D5352-4CCC-4B76-97A2-9CE9707DF73D}.Debug|x64.ActiveCfg = Debug|Any CPU
		{6A4D5352-4CCC-4B76-97A2-9CE9707DF73D}.Debug|x64.Build.0 = Debug|Any CPU
		{6A4D5352-4CCC-4B76-97A2-9CE9707DF73D}.Debug|x86.ActiveCfg = Debug|Any CPU
		{6A4D5352-4CCC-4B76-97A2-9CE9707DF73D}.Debug|x86.Build.0 = Debug|Any CPU
		{6A4D5352-4CCC-4B76-97A2-9CE9707DF73D}.Release|Any CPU.ActiveCfg = Release|Any CPU
		{6A4D5352-4CCC-4B76-97A2-9CE9707DF73D}.Release|Any CPU.Build.0 = Release|Any CPU
		{6A4D5352-4CCC-4B76-97A2-9CE9707DF73D}.Release|ARM.ActiveCfg = Release|Any CPU
		{6A4D5352-4CCC-4B76-97A2-9CE9707DF73D}.Release|ARM.Build.0 = Release|Any CPU
		{6A4D5352-4CCC-4B76-97A2-9CE9707DF73D}.Release|iPhone.ActiveCfg = Release|Any CPU
		{6A4D5352-4CCC-4B76-97A2-9CE9707DF73D}.Release|iPhone.Build.0 = Release|Any CPU
		{6A4D5352-4CCC-4B76-97A2-9CE9707DF73D}.Release|iPhoneSimulator.ActiveCfg = Release|Any CPU
		{6A4D5352-4CCC-4B76-97A2-9CE9707DF73D}.Release|iPhoneSimulator.Build.0 = Release|Any CPU
		{6A4D5352-4CCC-4B76-97A2-9CE9707DF73D}.Release|x64.ActiveCfg = Release|Any CPU
		{6A4D5352-4CCC-4B76-97A2-9CE9707DF73D}.Release|x64.Build.0 = Release|Any CPU
		{6A4D5352-4CCC-4B76-97A2-9CE9707DF73D}.Release|x86.ActiveCfg = Release|Any CPU
		{6A4D5352-4CCC-4B76-97A2-9CE9707DF73D}.Release|x86.Build.0 = Release|Any CPU
	EndGlobalSection
	GlobalSection(SolutionProperties) = preSolution
		HideSolutionNode = FALSE
	EndGlobalSection
	GlobalSection(NestedProjects) = preSolution
		{0E3F5DAE-084C-4C40-B9E0-A4CD161CC195} = {FBF3079C-BE8E-4C84-9160-F899B5F5AB33}
		{E3E2A7ED-CE26-4211-A3CE-A3E265471CCB} = {FBF3079C-BE8E-4C84-9160-F899B5F5AB33}
		{6A4D5352-4CCC-4B76-97A2-9CE9707DF73D} = {FBF3079C-BE8E-4C84-9160-F899B5F5AB33}
	EndGlobalSection
	GlobalSection(ExtensibilityGlobals) = postSolution
		SolutionGuid = {22B32977-B607-4A8D-B45E-3FDAC740103B}
	EndGlobalSection
EndGlobal
